github.com/ralvarezdev/go-flags v0.3.2 h1:l3f62CD5NysLAJH5XqSRGiakU/dn4pTGdX4yaBlAmMw=
github.com/ralvarezdev/go-flags v0.3.2/go.mod h1:R3yVBYvzwqfOp26LidaiJ/zftVAnPC3pKunVpV/vosE=
github.com/ralvarezdev/go-strings v0.1.7 h1:rO+4TJmHJTghRWl4Nq6gfnGSyNRerunJrkS03x1SLz4=
github.com/ralvarezdev/go-strings v0.1.7/go.mod h1:8sFOqmPJpqzS7bTjf91EzUCITnwpmkfifwY80GxV5r8=
